
Microsoft Visual Studio Solution File, Format Version 12.00
# Visual Studio 14
VisualStudioVersion = 14.0.24720.0
MinimumVisualStudioVersion = 10.0.40219.1
Project("{FAE04EC0-301F-11D3-BF4B-00C04F79EFBC}") = "UsersWebAPI", "UsersWebAPI\UsersWebAPI.csproj", "{B187973E-3345-46CE-89CD-CF4C44B481DF}"
EndProject
Project("{FAE04EC0-301F-11D3-BF4B-00C04F79EFBC}") = "UsersWebAPI.Data", "UsersWebAPI.Data\UsersWebAPI.Data.csproj", "{C0FFCDC8-909E-4C54-B6D5-3B118DFC0E5B}"
EndProject
Global
	GlobalSection(SolutionConfigurationPlatforms) = preSolution
		Debug|Any CPU = Debug|Any CPU
		Release|Any CPU = Release|Any CPU
	EndGlobalSection
	GlobalSection(ProjectConfigurationPlatforms) = postSolution
		{B187973E-3345-46CE-89CD-CF4C44B481DF}.Debug|Any CPU.ActiveCfg = Debug|Any CPU
		{B187973E-3345-46CE-89CD-CF4C44B481DF}.Debug|Any CPU.Build.0 = Debug|Any CPU
		{B187973E-3345-46CE-89CD-CF4C44B481DF}.Release|Any CPU.ActiveCfg = Release|Any CPU
		{B187973E-3345-46CE-89CD-CF4C44B481DF}.Release|Any CPU.Build.0 = Release|Any CPU
		{C0FFCDC8-909E-4C54-B6D5-3B118DFC0E5B}.Debug|Any CPU.ActiveCfg = Debug|Any CPU
		{C0FFCDC8-909E-4C54-B6D5-3B118DFC0E5B}.Debug|Any CPU.Build.0 = Debug|Any CPU
		{C0FFCDC8-909E-4C54-B6D5-3B118DFC0E5B}.Release|Any CPU.ActiveCfg = Release|Any CPU
		{C0FFCDC8-909E-4C54-B6D5-3B118DFC0E5B}.Release|Any CPU.Build.0 = Release|Any CPU
	EndGlobalSection
	GlobalSection(SolutionProperties) = preSolution
		HideSolutionNode = FALSE
	EndGlobalSection
EndGlobal
